hash: 97dac26ff9abab06b4659f615a311d38f8170b95b8338e03856bcd0ef44fd31d
updated: 2017-03-14T15:32:56.688174851+01:00
imports:
- name: github.com/databus23/goslo.policy
  version: 3ae74dd07ebf48d1f2babbd1d2177cd1878a09ee
- name: github.com/gophercloud/gophercloud
  version: 9a5595b8ffe429439c63781cdc312c254e4ad990
  subpackages:
  - openstack
  - openstack/compute/v2/extensions/limits
  - openstack/compute/v2/extensions/quotasets
  - openstack/identity/v2/tenants
  - openstack/identity/v2/tokens
  - openstack/identity/v3/tokens
  - openstack/utils
  - pagination
- name: github.com/gorilla/mux
  version: 392c28fe23e1c45ddba891b0320b3b5df220beea
- name: github.com/lib/pq
  version: ba5d4f7a35561e22fbdf7a39aa0070f4d460cfc0
  subpackages:
  - oid
- name: github.com/majewsky/sqlproxy
  version: f5b297e7dce14c045323881f272b97a3fdfb74c3
- name: github.com/mattes/migrate
  version: 83e27c8b88547a927ce6f0876eaa1b5c3b75042c
  subpackages:
  - driver
  - driver/postgres
  - driver/sqlite3
  - file
  - migrate
  - migrate/direction
  - pipe
- name: github.com/mattn/go-sqlite3
  version: eac1dfa2a61ebccaa117538a5bb12044f6700cd0
- name: golang.org/x/net
  version: e90d6d0afc4c315a0d87a568ae68577cc15149a0
  subpackages:
  - context
- name: gopkg.in/gorp.v2
  version: 4deece61034873cb5b5416e81abe4cea7bd0da72
- name: gopkg.in/yaml.v2
  version: a83829b6f1293c91addabc89d0571c246397bbf4
testImports: []
