hash: e2289a729e592fdbd9c334177ae8ddf779ecea09069807157a2b67456f5215ce
updated: 2017-03-03T19:47:26.523783122+01:00
imports:
- name: github.com/gophercloud/gophercloud
  version: 303bf8a5e44befcf262f4d0502f7343f64c52d8e
  subpackages:
  - openstack
  - openstack/compute/v2/extensions/limits
  - openstack/compute/v2/extensions/quotasets
  - openstack/identity/v2/tenants
  - openstack/identity/v2/tokens
  - openstack/identity/v3/tokens
  - openstack/utils
  - pagination
- name: github.com/lib/pq
  version: ba5d4f7a35561e22fbdf7a39aa0070f4d460cfc0
  subpackages:
  - oid
- name: github.com/majewsky/sqlproxy
  version: 9e8ca35d4b98db53be6137c250c6b5706cef3151
- name: github.com/mattes/migrate
  version: 305a63a4472b883b8af8e0d71132e98d83a69e4d
  subpackages:
  - driver
  - driver/postgres
  - file
  - migrate
  - migrate/direction
  - pipe
- name: gopkg.in/yaml.v2
  version: a3f3340b5840cee44f372bddb5880fcbc419b46a
testImports: []
