hash: 7b440a3273b86707ff3c608172a400ca78046914e80ff33a160f2c2475b4b957
updated: 2017-03-08T15:23:31.935677783+01:00
imports:
- name: github.com/gophercloud/gophercloud
  version: 303bf8a5e44befcf262f4d0502f7343f64c52d8e
  subpackages:
  - openstack
  - openstack/compute/v2/extensions/limits
  - openstack/compute/v2/extensions/quotasets
  - openstack/identity/v2/tenants
  - openstack/identity/v2/tokens
  - openstack/identity/v3/tokens
  - openstack/utils
  - pagination
- name: github.com/lib/pq
  version: ba5d4f7a35561e22fbdf7a39aa0070f4d460cfc0
  subpackages:
  - oid
- name: github.com/majewsky/sqlproxy
  version: f5b297e7dce14c045323881f272b97a3fdfb74c3
- name: github.com/mattes/migrate
  version: 83e27c8b88547a927ce6f0876eaa1b5c3b75042c
  subpackages:
  - driver
  - driver/postgres
  - driver/sqlite3
  - file
  - migrate
  - migrate/direction
  - pipe
- name: github.com/mattn/go-sqlite3
  version: eac1dfa2a61ebccaa117538a5bb12044f6700cd0
- name: golang.org/x/net
  version: e90d6d0afc4c315a0d87a568ae68577cc15149a0
  subpackages:
  - context
- name: gopkg.in/gorp.v2
  version: 4deece61034873cb5b5416e81abe4cea7bd0da72
- name: gopkg.in/yaml.v2
  version: a83829b6f1293c91addabc89d0571c246397bbf4
testImports: []
